// !$*UTF8*$!
{
	archiveVersion = 1;
	classes = {
	};
	objectVersion = 55;
	objects = {

/* Begin PBXBuildFile section */
		9F5F383127FC841F00830C0A /* LineView.swift in Sources */ = {isa = PBXBuildFile; fileRef = 9F5F383027FC841F00830C0A /* LineView.swift */; };
		9F5F383327FC883600830C0A /* PopUpView.swift in Sources */ = {isa = PBXBuildFile; fileRef = 9F5F383227FC883600830C0A /* PopUpView.swift */; };
		9F831C5F27F007B900E58719 /* pokemonCardAppApp.swift in Sources */ = {isa = PBXBuildFile; fileRef = 9F831C5E27F007B900E58719 /* pokemonCardAppApp.swift */; };
		9F831C6327F007C300E58719 /* Assets.xcassets in Resources */ = {isa = PBXBuildFile; fileRef = 9F831C6227F007C300E58719 /* Assets.xcassets */; };
		9F831C6627F007C300E58719 /* Preview Assets.xcassets in Resources */ = {isa = PBXBuildFile; fileRef = 9F831C6527F007C300E58719 /* Preview Assets.xcassets */; };
		9F831C6E27F00AAF00E58719 /* Realm in Frameworks */ = {isa = PBXBuildFile; productRef = 9F831C6D27F00AAF00E58719 /* Realm */; };
		9F831C7027F00AAF00E58719 /* RealmSwift in Frameworks */ = {isa = PBXBuildFile; productRef = 9F831C6F27F00AAF00E58719 /* RealmSwift */; };
		9F831C7227F00B3400E58719 /* TopView.swift in Sources */ = {isa = PBXBuildFile; fileRef = 9F831C7127F00B3400E58719 /* TopView.swift */; };
		9F831C7627F00BE300E58719 /* DeckListView.swift in Sources */ = {isa = PBXBuildFile; fileRef = 9F831C7527F00BE300E58719 /* DeckListView.swift */; };
		9F831C7927F00C1A00E58719 /* AddDeckView.swift in Sources */ = {isa = PBXBuildFile; fileRef = 9F831C7827F00C1A00E58719 /* AddDeckView.swift */; };
		9F831C7C27F00D2100E58719 /* Deck.swift in Sources */ = {isa = PBXBuildFile; fileRef = 9F831C7B27F00D2100E58719 /* Deck.swift */; };
		9F831C7F27F00D9E00E58719 /* DeckListViewModel.swift in Sources */ = {isa = PBXBuildFile; fileRef = 9F831C7E27F00D9E00E58719 /* DeckListViewModel.swift */; };
		9F831C8327F0B0EF00E58719 /* DeckDetailView.swift in Sources */ = {isa = PBXBuildFile; fileRef = 9F831C8227F0B0EF00E58719 /* DeckDetailView.swift */; };
		9F831C8627F5ABFD00E58719 /* SwiftUIPHPicker in Frameworks */ = {isa = PBXBuildFile; productRef = 9F831C8527F5ABFD00E58719 /* SwiftUIPHPicker */; };
/* End PBXBuildFile section */

/* Begin PBXFileReference section */
		9F5F383027FC841F00830C0A /* LineView.swift */ = {isa = PBXFileReference; lastKnownFileType = sourcecode.swift; path = LineView.swift; sourceTree = "<group>"; };
		9F5F383227FC883600830C0A /* PopUpView.swift */ = {isa = PBXFileReference; lastKnownFileType = sourcecode.swift; path = PopUpView.swift; sourceTree = "<group>"; };
		9F831C5B27F007B800E58719 /* pokemonCardApp.app */ = {isa = PBXFileReference; explicitFileType = wrapper.application; includeInIndex = 0; path = pokemonCardApp.app; sourceTree = BUILT_PRODUCTS_DIR; };
		9F831C5E27F007B900E58719 /* pokemonCardAppApp.swift */ = {isa = PBXFileReference; lastKnownFileType = sourcecode.swift; path = pokemonCardAppApp.swift; sourceTree = "<group>"; };
		9F831C6227F007C300E58719 /* Assets.xcassets */ = {isa = PBXFileReference; lastKnownFileType = folder.assetcatalog; path = Assets.xcassets; sourceTree = "<group>"; };
		9F831C6527F007C300E58719 /* Preview Assets.xcassets */ = {isa = PBXFileReference; lastKnownFileType = folder.assetcatalog; path = "Preview Assets.xcassets"; sourceTree = "<group>"; };
		9F831C7127F00B3400E58719 /* TopView.swift */ = {isa = PBXFileReference; lastKnownFileType = sourcecode.swift; path = TopView.swift; sourceTree = "<group>"; };
		9F831C7527F00BE300E58719 /* DeckListView.swift */ = {isa = PBXFileReference; lastKnownFileType = sourcecode.swift; path = DeckListView.swift; sourceTree = "<group>"; };
		9F831C7827F00C1A00E58719 /* AddDeckView.swift */ = {isa = PBXFileReference; lastKnownFileType = sourcecode.swift; path = AddDeckView.swift; sourceTree = "<group>"; };
		9F831C7B27F00D2100E58719 /* Deck.swift */ = {isa = PBXFileReference; fileEncoding = 4; lastKnownFileType = sourcecode.swift; path = Deck.swift; sourceTree = "<group>"; };
		9F831C7E27F00D9E00E58719 /* DeckListViewModel.swift */ = {isa = PBXFileReference; fileEncoding = 4; lastKnownFileType = sourcecode.swift; path = DeckListViewModel.swift; sourceTree = "<group>"; };
		9F831C8227F0B0EF00E58719 /* DeckDetailView.swift */ = {isa = PBXFileReference; lastKnownFileType = sourcecode.swift; path = DeckDetailView.swift; sourceTree = "<group>"; };
/* End PBXFileReference section */

/* Begin PBXFrameworksBuildPhase section */
		9F831C5827F007B800E58719 /* Frameworks */ = {
			isa = PBXFrameworksBuildPhase;
			buildActionMask = 2147483647;
			files = (
				9F831C7027F00AAF00E58719 /* RealmSwift in Frameworks */,
				9F831C6E27F00AAF00E58719 /* Realm in Frameworks */,
				9F831C8627F5ABFD00E58719 /* SwiftUIPHPicker in Frameworks */,
			);
			runOnlyForDeploymentPostprocessing = 0;
		};
/* End PBXFrameworksBuildPhase section */

/* Begin PBXGroup section */
		9F5F382F27FC83F100830C0A /* Common */ = {
			isa = PBXGroup;
			children = (
				9F5F383027FC841F00830C0A /* LineView.swift */,
				9F5F383227FC883600830C0A /* PopUpView.swift */,
			);
			path = Common;
			sourceTree = "<group>";
		};
		9F831C5227F007B800E58719 = {
			isa = PBXGroup;
			children = (
				9F831C5D27F007B800E58719 /* pokemonCardApp */,
				9F831C5C27F007B800E58719 /* Products */,
			);
			sourceTree = "<group>";
		};
		9F831C5C27F007B800E58719 /* Products */ = {
			isa = PBXGroup;
			children = (
				9F831C5B27F007B800E58719 /* pokemonCardApp.app */,
			);
			name = Products;
			sourceTree = "<group>";
		};
		9F831C5D27F007B800E58719 /* pokemonCardApp */ = {
			isa = PBXGroup;
			children = (
				9F831C8127F0B07300E58719 /* View */,
				9F831C7D27F00D8E00E58719 /* ViewModel */,
				9F831C7A27F00D1300E58719 /* Model */,
				9F831C5E27F007B900E58719 /* pokemonCardAppApp.swift */,
				9F831C7127F00B3400E58719 /* TopView.swift */,
				9F831C6227F007C300E58719 /* Assets.xcassets */,
				9F831C6427F007C300E58719 /* Preview Content */,
			);
			path = pokemonCardApp;
			sourceTree = "<group>";
		};
		9F831C6427F007C300E58719 /* Preview Content */ = {
			isa = PBXGroup;
			children = (
				9F831C6527F007C300E58719 /* Preview Assets.xcassets */,
			);
			path = "Preview Content";
			sourceTree = "<group>";
		};
		9F831C7427F00BCF00E58719 /* DeckList */ = {
			isa = PBXGroup;
			children = (
				9F831C7527F00BE300E58719 /* DeckListView.swift */,
			);
			path = DeckList;
			sourceTree = "<group>";
		};
		9F831C7727F00BFB00E58719 /* AddDeck */ = {
			isa = PBXGroup;
			children = (
				9F831C7827F00C1A00E58719 /* AddDeckView.swift */,
			);
			path = AddDeck;
			sourceTree = "<group>";
		};
		9F831C7A27F00D1300E58719 /* Model */ = {
			isa = PBXGroup;
			children = (
				9F831C7B27F00D2100E58719 /* Deck.swift */,
			);
			path = Model;
			sourceTree = "<group>";
		};
		9F831C7D27F00D8E00E58719 /* ViewModel */ = {
			isa = PBXGroup;
			children = (
				9F831C7E27F00D9E00E58719 /* DeckListViewModel.swift */,
			);
			path = ViewModel;
			sourceTree = "<group>";
		};
		9F831C8027F0B05D00E58719 /* DeckDetail */ = {
			isa = PBXGroup;
			children = (
				9F831C8227F0B0EF00E58719 /* DeckDetailView.swift */,
			);
			path = DeckDetail;
			sourceTree = "<group>";
		};
		9F831C8127F0B07300E58719 /* View */ = {
			isa = PBXGroup;
			children = (
				9F831C7427F00BCF00E58719 /* DeckList */,
				9F831C7727F00BFB00E58719 /* AddDeck */,
				9F831C8027F0B05D00E58719 /* DeckDetail */,
				9F5F382F27FC83F100830C0A /* Common */,
			);
			path = View;
			sourceTree = "<group>";
		};
/* End PBXGroup section */

/* Begin PBXNativeTarget section */
		9F831C5A27F007B800E58719 /* pokemonCardApp */ = {
			isa = PBXNativeTarget;
			buildConfigurationList = 9F831C6927F007C300E58719 /* Build configuration list for PBXNativeTarget "pokemonCardApp" */;
			buildPhases = (
				9F831C5727F007B800E58719 /* Sources */,
				9F831C5827F007B800E58719 /* Frameworks */,
				9F831C5927F007B800E58719 /* Resources */,
			);
			buildRules = (
			);
			dependencies = (
			);
			name = pokemonCardApp;
			packageProductDependencies = (
				9F831C6D27F00AAF00E58719 /* Realm */,
				9F831C6F27F00AAF00E58719 /* RealmSwift */,
				9F831C8527F5ABFD00E58719 /* SwiftUIPHPicker */,
			);
			productName = pokemonCardApp;
			productReference = 9F831C5B27F007B800E58719 /* pokemonCardApp.app */;
			productType = "com.apple.product-type.application";
		};
/* End PBXNativeTarget section */

/* Begin PBXProject section */
		9F831C5327F007B800E58719 /* Project object */ = {
			isa = PBXProject;
			attributes = {
				BuildIndependentTargetsInParallel = 1;
				LastSwiftUpdateCheck = 1320;
				LastUpgradeCheck = 1320;
				TargetAttributes = {
					9F831C5A27F007B800E58719 = {
						CreatedOnToolsVersion = 13.2.1;
					};
				};
			};
			buildConfigurationList = 9F831C5627F007B800E58719 /* Build configuration list for PBXProject "pokemonCardApp" */;
			compatibilityVersion = "Xcode 13.0";
			developmentRegion = en;
			hasScannedForEncodings = 0;
			knownRegions = (
				en,
				Base,
			);
			mainGroup = 9F831C5227F007B800E58719;
			packageReferences = (
				9F831C6C27F00AAF00E58719 /* XCRemoteSwiftPackageReference "realm-swift" */,
				9F831C8427F5ABFA00E58719 /* XCRemoteSwiftPackageReference "SwiftUIPHPicker" */,
			);
			productRefGroup = 9F831C5C27F007B800E58719 /* Products */;
			projectDirPath = "";
			projectRoot = "";
			targets = (
				9F831C5A27F007B800E58719 /* pokemonCardApp */,
			);
		};
/* End PBXProject section */

/* Begin PBXResourcesBuildPhase section */
		9F831C5927F007B800E58719 /* Resources */ = {
			isa = PBXResourcesBuildPhase;
			buildActionMask = 2147483647;
			files = (
				9F831C6627F007C300E58719 /* Preview Assets.xcassets in Resources */,
				9F831C6327F007C300E58719 /* Assets.xcassets in Resources */,
			);
			runOnlyForDeploymentPostprocessing = 0;
		};
/* End PBXResourcesBuildPhase section */

/* Begin PBXSourcesBuildPhase section */
		9F831C5727F007B800E58719 /* Sources */ = {
			isa = PBXSourcesBuildPhase;
			buildActionMask = 2147483647;
			files = (
				9F831C7927F00C1A00E58719 /* AddDeckView.swift in Sources */,
				9F831C7C27F00D2100E58719 /* Deck.swift in Sources */,
				9F831C7F27F00D9E00E58719 /* DeckListViewModel.swift in Sources */,
				9F5F383327FC883600830C0A /* PopUpView.swift in Sources */,
				9F831C7227F00B3400E58719 /* TopView.swift in Sources */,
				9F5F383127FC841F00830C0A /* LineView.swift in Sources */,
				9F831C5F27F007B900E58719 /* pokemonCardAppApp.swift in Sources */,
				9F831C7627F00BE300E58719 /* DeckListView.swift in Sources */,
				9F831C8327F0B0EF00E58719 /* DeckDetailView.swift in Sources */,
			);
			runOnlyForDeploymentPostprocessing = 0;
		};
/* End PBXSourcesBuildPhase section */

/* Begin XCBuildConfiguration section */
		9F831C6727F007C300E58719 /* Debug */ = {
			isa = XCBuildConfiguration;
			buildSettings = {
				ALWAYS_SEARCH_USER_PATHS = NO;
				CLANG_ANALYZER_NONNULL = YES;
				CLANG_ANALYZER_NUMBER_OBJECT_CONVERSION = YES_AGGRESSIVE;
				CLANG_CXX_LANGUAGE_STANDARD = "gnu++17";
				CLANG_CXX_LIBRARY = "libc++";
				CLANG_ENABLE_MODULES = YES;
				CLANG_ENABLE_OBJC_ARC = YES;
				CLANG_ENABLE_OBJC_WEAK = YES;
				CLANG_WARN_BLOCK_CAPTURE_AUTORELEASING = YES;
				CLANG_WARN_BOOL_CONVERSION = YES;
				CLANG_WARN_COMMA = YES;
				CLANG_WARN_CONSTANT_CONVERSION = YES;
				CLANG_WARN_DEPRECATED_OBJC_IMPLEMENTATIONS = YES;
				CLANG_WARN_DIRECT_OBJC_ISA_USAGE = YES_ERROR;
				CLANG_WARN_DOCUMENTATION_COMMENTS = YES;
				CLANG_WARN_EMPTY_BODY = YES;
				CLANG_WARN_ENUM_CONVERSION = YES;
				CLANG_WARN_INFINITE_RECURSION = YES;
				CLANG_WARN_INT_CONVERSION = YES;
				CLANG_WARN_NON_LITERAL_NULL_CONVERSION = YES;
				CLANG_WARN_OBJC_IMPLICIT_RETAIN_SELF = YES;
				CLANG_WARN_OBJC_LITERAL_CONVERSION = YES;
				CLANG_WARN_OBJC_ROOT_CLASS = YES_ERROR;
				CLANG_WARN_QUOTED_INCLUDE_IN_FRAMEWORK_HEADER = YES;
				CLANG_WARN_RANGE_LOOP_ANALYSIS = YES;
				CLANG_WARN_STRICT_PROTOTYPES = YES;
				CLANG_WARN_SUSPICIOUS_MOVE = YES;
				CLANG_WARN_UNGUARDED_AVAILABILITY = YES_AGGRESSIVE;
				CLANG_WARN_UNREACHABLE_CODE = YES;
				CLANG_WARN__DUPLICATE_METHOD_MATCH = YES;
				COPY_PHASE_STRIP = NO;
				DEBUG_INFORMATION_FORMAT = dwarf;
				ENABLE_STRICT_OBJC_MSGSEND = YES;
				ENABLE_TESTABILITY = YES;
				GCC_C_LANGUAGE_STANDARD = gnu11;
				GCC_DYNAMIC_NO_PIC = NO;
				GCC_NO_COMMON_BLOCKS = YES;
				GCC_OPTIMIZATION_LEVEL = 0;
				GCC_PREPROCESSOR_DEFINITIONS = (
					"DEBUG=1",
					"$(inherited)",
				);
				GCC_WARN_64_TO_32_BIT_CONVERSION = YES;
				GCC_WARN_ABOUT_RETURN_TYPE = YES_ERROR;
				GCC_WARN_UNDECLARED_SELECTOR = YES;
				GCC_WARN_UNINITIALIZED_AUTOS = YES_AGGRESSIVE;
				GCC_WARN_UNUSED_FUNCTION = YES;
				GCC_WARN_UNUSED_VARIABLE = YES;
				IPHONEOS_DEPLOYMENT_TARGET = 15.2;
				MTL_ENABLE_DEBUG_INFO = INCLUDE_SOURCE;
				MTL_FAST_MATH = YES;
				ONLY_ACTIVE_ARCH = YES;
				SDKROOT = iphoneos;
				SWIFT_ACTIVE_COMPILATION_CONDITIONS = DEBUG;
				SWIFT_OPTIMIZATION_LEVEL = "-Onone";
			};
			name = Debug;
		};
		9F831C6827F007C300E58719 /* Release */ = {
			isa = XCBuildConfiguration;
			buildSettings = {
				ALWAYS_SEARCH_USER_PATHS = NO;
				CLANG_ANALYZER_NONNULL = YES;
				CLANG_ANALYZER_NUMBER_OBJECT_CONVERSION = YES_AGGRESSIVE;
				CLANG_CXX_LANGUAGE_STANDARD = "gnu++17";
				CLANG_CXX_LIBRARY = "libc++";
				CLANG_ENABLE_MODULES = YES;
				CLANG_ENABLE_OBJC_ARC = YES;
				CLANG_ENABLE_OBJC_WEAK = YES;
				CLANG_WARN_BLOCK_CAPTURE_AUTORELEASING = YES;
				CLANG_WARN_BOOL_CONVERSION = YES;
				CLANG_WARN_COMMA = YES;
				CLANG_WARN_CONSTANT_CONVERSION = YES;
				CLANG_WARN_DEPRECATED_OBJC_IMPLEMENTATIONS = YES;
				CLANG_WARN_DIRECT_OBJC_ISA_USAGE = YES_ERROR;
				CLANG_WARN_DOCUMENTATION_COMMENTS = YES;
				CLANG_WARN_EMPTY_BODY = YES;
				CLANG_WARN_ENUM_CONVERSION = YES;
				CLANG_WARN_INFINITE_RECURSION = YES;
				CLANG_WARN_INT_CONVERSION = YES;
				CLANG_WARN_NON_LITERAL_NULL_CONVERSION = YES;
				CLANG_WARN_OBJC_IMPLICIT_RETAIN_SELF = YES;
				CLANG_WARN_OBJC_LITERAL_CONVERSION = YES;
				CLANG_WARN_OBJC_ROOT_CLASS = YES_ERROR;
				CLANG_WARN_QUOTED_INCLUDE_IN_FRAMEWORK_HEADER = YES;
				CLANG_WARN_RANGE_LOOP_ANALYSIS = YES;
				CLANG_WARN_STRICT_PROTOTYPES = YES;
				CLANG_WARN_SUSPICIOUS_MOVE = YES;
				CLANG_WARN_UNGUARDED_AVAILABILITY = YES_AGGRESSIVE;
				CLANG_WARN_UNREACHABLE_CODE = YES;
				CLANG_WARN__DUPLICATE_METHOD_MATCH = YES;
				COPY_PHASE_STRIP = NO;
				DEBUG_INFORMATION_FORMAT = "dwarf-with-dsym";
				ENABLE_NS_ASSERTIONS = NO;
				ENABLE_STRICT_OBJC_MSGSEND = YES;
				GCC_C_LANGUAGE_STANDARD = gnu11;
				GCC_NO_COMMON_BLOCKS = YES;
				GCC_WARN_64_TO_32_BIT_CONVERSION = YES;
				GCC_WARN_ABOUT_RETURN_TYPE = YES_ERROR;
				GCC_WARN_UNDECLARED_SELECTOR = YES;
				GCC_WARN_UNINITIALIZED_AUTOS = YES_AGGRESSIVE;
				GCC_WARN_UNUSED_FUNCTION = YES;
				GCC_WARN_UNUSED_VARIABLE = YES;
				IPHONEOS_DEPLOYMENT_TARGET = 15.2;
				MTL_ENABLE_DEBUG_INFO = NO;
				MTL_FAST_MATH = YES;
				SDKROOT = iphoneos;
				SWIFT_COMPILATION_MODE = wholemodule;
				SWIFT_OPTIMIZATION_LEVEL = "-O";
				VALIDATE_PRODUCT = YES;
			};
			name = Release;
		};
		9F831C6A27F007C300E58719 /* Debug */ = {
			isa = XCBuildConfiguration;
			buildSettings = {
				ASSETCATALOG_COMPILER_APPICON_NAME = AppIcon;
				ASSETCATALOG_COMPILER_GLOBAL_ACCENT_COLOR_NAME = AccentColor;
				CODE_SIGN_IDENTITY = "iPhone Distribution";
				CODE_SIGN_STYLE = Manual;
				CURRENT_PROJECT_VERSION = 1;
				DEVELOPMENT_ASSET_PATHS = "\"pokemonCardApp/Preview Content\"";
				DEVELOPMENT_TEAM = TJM8F4Z2Z2;
				ENABLE_PREVIEWS = YES;
				GENERATE_INFOPLIST_FILE = YES;
				INFOPLIST_KEY_UIApplicationSceneManifest_Generation = YES;
				INFOPLIST_KEY_UIApplicationSupportsIndirectInputEvents = YES;
				INFOPLIST_KEY_UILaunchScreen_Generation = YES;
				INFOPLIST_KEY_UISupportedInterfaceOrientations_iPad = "UIInterfaceOrientationPortrait UIInterfaceOrientationPortraitUpsideDown UIInterfaceOrientationLandscapeLeft UIInterfaceOrientationLandscapeRight";
				INFOPLIST_KEY_UISupportedInterfaceOrientations_iPhone = "UIInterfaceOrientationPortrait UIInterfaceOrientationLandscapeLeft UIInterfaceOrientationLandscapeRight";
				LD_RUNPATH_SEARCH_PATHS = (
					"$(inherited)",
					"@executable_path/Frameworks",
				);
				MARKETING_VERSION = 1.0;
				PRODUCT_BUNDLE_IDENTIFIER = com.eses.pokemonCardApp;
				PRODUCT_NAME = "$(TARGET_NAME)";
				PROVISIONING_PROFILE_SPECIFIER = "PokemonCardApp AppStore Profile";
				SWIFT_EMIT_LOC_STRINGS = YES;
				SWIFT_VERSION = 5.0;
				TARGETED_DEVICE_FAMILY = "1,2";
			};
			name = Debug;
		};
		9F831C6B27F007C300E58719 /* Release */ = {
			isa = XCBuildConfiguration;
			buildSettings = {
				ASSETCATALOG_COMPILER_APPICON_NAME = AppIcon;
				ASSETCATALOG_COMPILER_GLOBAL_ACCENT_COLOR_NAME = AccentColor;
				CODE_SIGN_IDENTITY = "iPhone Distribution";
				CODE_SIGN_STYLE = Manual;
				CURRENT_PROJECT_VERSION = 1;
				DEVELOPMENT_ASSET_PATHS = "\"pokemonCardApp/Preview Content\"";
				DEVELOPMENT_TEAM = TJM8F4Z2Z2;
				ENABLE_PREVIEWS = YES;
				GENERATE_INFOPLIST_FILE = YES;
				INFOPLIST_KEY_UIApplicationSceneManifest_Generation = YES;
				INFOPLIST_KEY_UIApplicationSupportsIndirectInputEvents = YES;
				INFOPLIST_KEY_UILaunchScreen_Generation = YES;
				INFOPLIST_KEY_UISupportedInterfaceOrientations_iPad = "UIInterfaceOrientationPortrait UIInterfaceOrientationPortraitUpsideDown UIInterfaceOrientationLandscapeLeft UIInterfaceOrientationLandscapeRight";
				INFOPLIST_KEY_UISupportedInterfaceOrientations_iPhone = "UIInterfaceOrientationPortrait UIInterfaceOrientationLandscapeLeft UIInterfaceOrientationLandscapeRight";
				LD_RUNPATH_SEARCH_PATHS = (
					"$(inherited)",
					"@executable_path/Frameworks",
				);
				MARKETING_VERSION = 1.0;
				PRODUCT_BUNDLE_IDENTIFIER = com.eses.pokemonCardApp;
				PRODUCT_NAME = "$(TARGET_NAME)";
				PROVISIONING_PROFILE_SPECIFIER = "PokemonCardApp AppStore Profile";
				SWIFT_EMIT_LOC_STRINGS = YES;
				SWIFT_VERSION = 5.0;
				TARGETED_DEVICE_FAMILY = "1,2";
			};
			name = Release;
		};
/* End XCBuildConfiguration section */

/* Begin XCConfigurationList section */
		9F831C5627F007B800E58719 /* Build configuration list for PBXProject "pokemonCardApp" */ = {
			isa = XCConfigurationList;
			buildConfigurations = (
				9F831C6727F007C300E58719 /* Debug */,
				9F831C6827F007C300E58719 /* Release */,
			);
			defaultConfigurationIsVisible = 0;
			defaultConfigurationName = Release;
		};
		9F831C6927F007C300E58719 /* Build configuration list for PBXNativeTarget "pokemonCardApp" */ = {
			isa = XCConfigurationList;
			buildConfigurations = (
				9F831C6A27F007C300E58719 /* Debug */,
				9F831C6B27F007C300E58719 /* Release */,
			);
			defaultConfigurationIsVisible = 0;
			defaultConfigurationName = Release;
		};
/* End XCConfigurationList section */

/* Begin XCRemoteSwiftPackageReference section */
		9F831C6C27F00AAF00E58719 /* XCRemoteSwiftPackageReference "realm-swift" */ = {
			isa = XCRemoteSwiftPackageReference;
			repositoryURL = "https://github.com/realm/realm-swift.git";
			requirement = {
				kind = upToNextMajorVersion;
				minimumVersion = 10.20.1;
			};
		};
		9F831C8427F5ABFA00E58719 /* XCRemoteSwiftPackageReference "SwiftUIPHPicker" */ = {
			isa = XCRemoteSwiftPackageReference;
			repositoryURL = "https://github.com/tyagishi/SwiftUIPHPicker";
			requirement = {
				kind = upToNextMajorVersion;
				minimumVersion = 1.0.0;
			};
		};
/* End XCRemoteSwiftPackageReference section */

/* Begin XCSwiftPackageProductDependency section */
		9F831C6D27F00AAF00E58719 /* Realm */ = {
			isa = XCSwiftPackageProductDependency;
			package = 9F831C6C27F00AAF00E58719 /* XCRemoteSwiftPackageReference "realm-swift" */;
			productName = Realm;
		};
		9F831C6F27F00AAF00E58719 /* RealmSwift */ = {
			isa = XCSwiftPackageProductDependency;
			package = 9F831C6C27F00AAF00E58719 /* XCRemoteSwiftPackageReference "realm-swift" */;
			productName = RealmSwift;
		};
		9F831C8527F5ABFD00E58719 /* SwiftUIPHPicker */ = {
			isa = XCSwiftPackageProductDependency;
			package = 9F831C8427F5ABFA00E58719 /* XCRemoteSwiftPackageReference "SwiftUIPHPicker" */;
			productName = SwiftUIPHPicker;
		};
/* End XCSwiftPackageProductDependency section */
	};
	rootObject = 9F831C5327F007B800E58719 /* Project object */;
}
